
Microsoft Visual Studio Solution File, Format Version 12.00
# Visual Studio 2013
VisualStudioVersion = 12.0.30501.0
MinimumVisualStudioVersion = 10.0.40219.1
Project("{FAE04EC0-301F-11D3-BF4B-00C04F79EFBC}") = "Heroes", "Heroes\Heroes.csproj", "{250330B9-D9C3-4406-85B1-1E13B6102F1A}"
EndProject
Project("{FAE04EC0-301F-11D3-BF4B-00C04F79EFBC}") = "Courses", "Courses\Courses.csproj", "{CD9F7803-D686-4D59-A29D-E8F4E31A017B}"
EndProject
Global
	GlobalSection(SolutionConfigurationPlatforms) = preSolution
		Debug|Any CPU = Debug|Any CPU
		Release|Any CPU = Release|Any CPU
	EndGlobalSection
	GlobalSection(ProjectConfigurationPlatforms) = postSolution
		{250330B9-D9C3-4406-85B1-1E13B6102F1A}.Debug|Any CPU.ActiveCfg = Debug|Any CPU
		{250330B9-D9C3-4406-85B1-1E13B6102F1A}.Debug|Any CPU.Build.0 = Debug|Any CPU
		{250330B9-D9C3-4406-85B1-1E13B6102F1A}.Release|Any CPU.ActiveCfg = Release|Any CPU
		{250330B9-D9C3-4406-85B1-1E13B6102F1A}.Release|Any CPU.Build.0 = Release|Any CPU
		{CD9F7803-D686-4D59-A29D-E8F4E31A017B}.Debug|Any CPU.ActiveCfg = Debug|Any CPU
		{CD9F7803-D686-4D59-A29D-E8F4E31A017B}.Debug|Any CPU.Build.0 = Debug|Any CPU
		{CD9F7803-D686-4D59-A29D-E8F4E31A017B}.Release|Any CPU.ActiveCfg = Release|Any CPU
		{CD9F7803-D686-4D59-A29D-E8F4E31A017B}.Release|Any CPU.Build.0 = Release|Any CPU
	EndGlobalSection
	GlobalSection(SolutionProperties) = preSolution
		HideSolutionNode = FALSE
	EndGlobalSection
EndGlobal
